// !$*UTF8*$!
{
	archiveVersion = 1;
	classes = {
	};
	objectVersion = 46;
	objects = {

/* Begin PBXBuildFile section */
		CC19379B19F1D3A6005C0EE0 /* InfoPlist.strings in Resources */ = {isa = PBXBuildFile; fileRef = CC19379919F1D3A6005C0EE0 /* InfoPlist.strings */; };
		CC6C10CD19F6B00F000A04C0 /* CoreServices.framework in Frameworks */ = {isa = PBXBuildFile; fileRef = CC6C10CC19F6B00F000A04C0 /* CoreServices.framework */; };
		CC71CA3119ECAECF00C20354 /* Speaker.m in Sources */ = {isa = PBXBuildFile; fileRef = CC71CA3019ECAECF00C20354 /* Speaker.m */; };
		CC71CA3319EDA47E00C20354 /* Notifier.m in Sources */ = {isa = PBXBuildFile; fileRef = CC71CA3219EDA47E00C20354 /* Notifier.m */; };
		CC71CA3619EDADBC00C20354 /* Pinger.m in Sources */ = {isa = PBXBuildFile; fileRef = CC71CA3519EDADBC00C20354 /* Pinger.m */; };
		CC71CA3919EDB48100C20354 /* Logger.m in Sources */ = {isa = PBXBuildFile; fileRef = CC71CA3819EDB48100C20354 /* Logger.m */; };
		CC71CA6719F1CBAC00C20354 /* Localizable.strings in Resources */ = {isa = PBXBuildFile; fileRef = CC71CA6519F1CBAC00C20354 /* Localizable.strings */; };
		CC99CA6D19F2EAB800033934 /* MainMenu.xib in Resources */ = {isa = PBXBuildFile; fileRef = CCEE216E19EC5E7900CAF303 /* MainMenu.xib */; };
		CCEE216819EC5E7900CAF303 /* main.m in Sources */ = {isa = PBXBuildFile; fileRef = CCEE216719EC5E7900CAF303 /* main.m */; };
		CCEE216B19EC5E7900CAF303 /* AppDelegate.m in Sources */ = {isa = PBXBuildFile; fileRef = CCEE216A19EC5E7900CAF303 /* AppDelegate.m */; };
		CCEE216D19EC5E7900CAF303 /* Images.xcassets in Resources */ = {isa = PBXBuildFile; fileRef = CCEE216C19EC5E7900CAF303 /* Images.xcassets */; };
		CCEE217C19EC5E7900CAF303 /* Network_MonitorTests.m in Sources */ = {isa = PBXBuildFile; fileRef = CCEE217B19EC5E7900CAF303 /* Network_MonitorTests.m */; };
		CCEE218E19EC653400CAF303 /* Foundation.framework in Frameworks */ = {isa = PBXBuildFile; fileRef = CCEE218B19EC651800CAF303 /* Foundation.framework */; };
		CCEE218F19EC653A00CAF303 /* Cocoa.framework in Frameworks */ = {isa = PBXBuildFile; fileRef = CCEE218919EC651000CAF303 /* Cocoa.framework */; };
		CCEE219119EC656700CAF303 /* Monitor.m in Sources */ = {isa = PBXBuildFile; fileRef = CCEE219019EC656700CAF303 /* Monitor.m */; };
/* End PBXBuildFile section */

/* Begin PBXContainerItemProxy section */
		CCEE217619EC5E7900CAF303 /* PBXContainerItemProxy */ = {
			isa = PBXContainerItemProxy;
			containerPortal = CCEE215A19EC5E7900CAF303 /* Project object */;
			proxyType = 1;
			remoteGlobalIDString = CCEE216119EC5E7900CAF303;
			remoteInfo = "Network Monitor";
		};
/* End PBXContainerItemProxy section */

/* Begin PBXFileReference section */
		CC19379719F1D2E2005C0EE0 /* Info.plist */ = {isa = PBXFileReference; fileEncoding = 4; lastKnownFileType = text.plist.xml; path = Info.plist; sourceTree = "<group>"; };
		CC19379A19F1D3A6005C0EE0 /* Base */ = {isa = PBXFileReference; lastKnownFileType = text.plist.strings; name = Base; path = Base.lproj/InfoPlist.strings; sourceTree = "<group>"; };
		CC19379C19F1D3CC005C0EE0 /* fr */ = {isa = PBXFileReference; lastKnownFileType = text.plist.strings; name = fr; path = fr.lproj/InfoPlist.strings; sourceTree = "<group>"; };
		CC19379D19F1D3CE005C0EE0 /* en */ = {isa = PBXFileReference; lastKnownFileType = text.plist.strings; name = en; path = en.lproj/InfoPlist.strings; sourceTree = "<group>"; };
		CC19379E19F1D3CF005C0EE0 /* pt */ = {isa = PBXFileReference; lastKnownFileType = text.plist.strings; name = pt; path = pt.lproj/InfoPlist.strings; sourceTree = "<group>"; };
		CC5663DC19F1CE350019B22D /* fr */ = {isa = PBXFileReference; lastKnownFileType = text.plist.strings; name = fr; path = "Network Monitor/fr.lproj/Localizable.strings"; sourceTree = "<group>"; };
		CC65A87E19F2C1B50010E8A4 /* Network Monitor.entitlements */ = {isa = PBXFileReference; lastKnownFileType = text.xml; path = "Network Monitor.entitlements"; sourceTree = "<group>"; };
		CC6C10CC19F6B00F000A04C0 /* CoreServices.framework */ = {isa = PBXFileReference; lastKnownFileType = wrapper.framework; name = CoreServices.framework; path = System/Library/Frameworks/CoreServices.framework; sourceTree = SDKROOT; };
		CC71CA2D19ECADA300C20354 /* Speaker.h */ = {isa = PBXFileReference; lastKnownFileType = sourcecode.c.h; path = Speaker.h; sourceTree = "<group>"; };
		CC71CA2E19ECAE7A00C20354 /* AlertCenter.h */ = {isa = PBXFileReference; fileEncoding = 4; lastKnownFileType = sourcecode.c.h; path = AlertCenter.h; sourceTree = "<group>"; };
		CC71CA2F19ECAEB100C20354 /* Notifier.h */ = {isa = PBXFileReference; fileEncoding = 4; lastKnownFileType = sourcecode.c.h; path = Notifier.h; sourceTree = "<group>"; };
		CC71CA3019ECAECF00C20354 /* Speaker.m */ = {isa = PBXFileReference; fileEncoding = 4; lastKnownFileType = sourcecode.c.objc; path = Speaker.m; sourceTree = "<group>"; };
		CC71CA3219EDA47E00C20354 /* Notifier.m */ = {isa = PBXFileReference; fileEncoding = 4; lastKnownFileType = sourcecode.c.objc; path = Notifier.m; sourceTree = "<group>"; };
		CC71CA3419EDAD3700C20354 /* Pinger.h */ = {isa = PBXFileReference; lastKnownFileType = sourcecode.c.h; path = Pinger.h; sourceTree = "<group>"; };
		CC71CA3519EDADBC00C20354 /* Pinger.m */ = {isa = PBXFileReference; fileEncoding = 4; lastKnownFileType = sourcecode.c.objc; path = Pinger.m; sourceTree = "<group>"; };
		CC71CA3719EDB45C00C20354 /* Logger.h */ = {isa = PBXFileReference; lastKnownFileType = sourcecode.c.h; path = Logger.h; sourceTree = "<group>"; };
		CC71CA3819EDB48100C20354 /* Logger.m */ = {isa = PBXFileReference; fileEncoding = 4; lastKnownFileType = sourcecode.c.objc; path = Logger.m; sourceTree = "<group>"; };
		CC71CA3A19EDDE4B00C20354 /* create_dmg.command */ = {isa = PBXFileReference; lastKnownFileType = text.script.sh; path = create_dmg.command; sourceTree = "<group>"; };
		CC71CA3B19EDDE9F00C20354 /* LICENSE.txt */ = {isa = PBXFileReference; fileEncoding = 4; lastKnownFileType = text; path = LICENSE.txt; sourceTree = "<group>"; };
		CC71CA3D19EDDED900C20354 /* README.txt */ = {isa = PBXFileReference; fileEncoding = 4; lastKnownFileType = text; path = README.txt; sourceTree = "<group>"; };
		CC71CA3F19EDDF1E00C20354 /* README.md */ = {isa = PBXFileReference; explicitFileType = net.daringfireball.markdown; fileEncoding = 4; path = README.md; sourceTree = "<group>"; };
		CC71CA4F19F1CA2A00C20354 /* pt */ = {isa = PBXFileReference; lastKnownFileType = text.plist.strings; name = pt; path = pt.lproj/MainMenu.strings; sourceTree = "<group>"; };
		CC71CA6619F1CBAC00C20354 /* Base */ = {isa = PBXFileReference; fileEncoding = 4; lastKnownFileType = text.plist.strings; name = Base; path = "Network Monitor/Base.lproj/Localizable.strings"; sourceTree = "<group>"; };
		CC71CA6D19F1CBE000C20354 /* fr */ = {isa = PBXFileReference; lastKnownFileType = text.plist.strings; name = fr; path = fr.lproj/MainMenu.strings; sourceTree = "<group>"; };
		CC71CA6E19F1CC1200C20354 /* en */ = {isa = PBXFileReference; fileEncoding = 4; lastKnownFileType = text.plist.strings; name = en; path = "Network Monitor/en.lproj/Localizable.strings"; sourceTree = "<group>"; };
		CC71CA7019F1CC1A00C20354 /* pt */ = {isa = PBXFileReference; fileEncoding = 4; lastKnownFileType = text.plist.strings; name = pt; path = "Network Monitor/pt.lproj/Localizable.strings"; sourceTree = "<group>"; };
		CC99CA6E19F2EB2800033934 /* en */ = {isa = PBXFileReference; lastKnownFileType = text.plist.strings; name = en; path = en.lproj/MainMenu.strings; sourceTree = "<group>"; };
		CCEE216219EC5E7900CAF303 /* Network Monitor.app */ = {isa = PBXFileReference; explicitFileType = wrapper.application; includeInIndex = 0; path = "Network Monitor.app"; sourceTree = BUILT_PRODUCTS_DIR; };
		CCEE216719EC5E7900CAF303 /* main.m */ = {isa = PBXFileReference; lastKnownFileType = sourcecode.c.objc; path = main.m; sourceTree = "<group>"; };
		CCEE216919EC5E7900CAF303 /* AppDelegate.h */ = {isa = PBXFileReference; lastKnownFileType = sourcecode.c.h; path = AppDelegate.h; sourceTree = "<group>"; };
		CCEE216A19EC5E7900CAF303 /* AppDelegate.m */ = {isa = PBXFileReference; lastKnownFileType = sourcecode.c.objc; path = AppDelegate.m; sourceTree = "<group>"; };
		CCEE216C19EC5E7900CAF303 /* Images.xcassets */ = {isa = PBXFileReference; lastKnownFileType = folder.assetcatalog; path = Images.xcassets; sourceTree = "<group>"; };
		CCEE216F19EC5E7900CAF303 /* Base */ = {isa = PBXFileReference; lastKnownFileType = file.xib; name = Base; path = Base.lproj/MainMenu.xib; sourceTree = "<group>"; };
		CCEE217519EC5E7900CAF303 /* Network MonitorTests.xctest */ = {isa = PBXFileReference; explicitFileType = wrapper.cfbundle; includeInIndex = 0; path = "Network MonitorTests.xctest"; sourceTree = BUILT_PRODUCTS_DIR; };
		CCEE217A19EC5E7900CAF303 /* Info.plist */ = {isa = PBXFileReference; lastKnownFileType = text.plist.xml; path = Info.plist; sourceTree = "<group>"; };
		CCEE217B19EC5E7900CAF303 /* Network_MonitorTests.m */ = {isa = PBXFileReference; lastKnownFileType = sourcecode.c.objc; path = Network_MonitorTests.m; sourceTree = "<group>"; };
		CCEE218819EC64D800CAF303 /* Monitor.h */ = {isa = PBXFileReference; fileEncoding = 4; lastKnownFileType = sourcecode.c.h; path = Monitor.h; sourceTree = "<group>"; };
		CCEE218919EC651000CAF303 /* Cocoa.framework */ = {isa = PBXFileReference; lastKnownFileType = wrapper.framework; name = Cocoa.framework; path = System/Library/Frameworks/Cocoa.framework; sourceTree = SDKROOT; };
		CCEE218B19EC651800CAF303 /* Foundation.framework */ = {isa = PBXFileReference; lastKnownFileType = wrapper.framework; name = Foundation.framework; path = System/Library/Frameworks/Foundation.framework; sourceTree = SDKROOT; };
		CCEE219019EC656700CAF303 /* Monitor.m */ = {isa = PBXFileReference; fileEncoding = 4; lastKnownFileType = sourcecode.c.objc; path = Monitor.m; sourceTree = "<group>"; };
/* End PBXFileReference section */

/* Begin PBXFrameworksBuildPhase section */
		CCEE215F19EC5E7900CAF303 /* Frameworks */ = {
			isa = PBXFrameworksBuildPhase;
			buildActionMask = 2147483647;
			files = (
				CC6C10CD19F6B00F000A04C0 /* CoreServices.framework in Frameworks */,
				CCEE218F19EC653A00CAF303 /* Cocoa.framework in Frameworks */,
				CCEE218E19EC653400CAF303 /* Foundation.framework in Frameworks */,
			);
			runOnlyForDeploymentPostprocessing = 0;
		};
		CCEE217219EC5E7900CAF303 /* Frameworks */ = {
			isa = PBXFrameworksBuildPhase;
			buildActionMask = 2147483647;
			files = (
			);
			runOnlyForDeploymentPostprocessing = 0;
		};
/* End PBXFrameworksBuildPhase section */

/* Begin PBXGroup section */
		CCEE215919EC5E7900CAF303 = {
			isa = PBXGroup;
			children = (
				CC6C10CC19F6B00F000A04C0 /* CoreServices.framework */,
				CCEE216419EC5E7900CAF303 /* Network Monitor */,
				CCEE217819EC5E7900CAF303 /* Network MonitorTests */,
				CCEE218D19EC651E00CAF303 /* Libraries */,
				CCEE216319EC5E7900CAF303 /* Products */,
				CC71CA3A19EDDE4B00C20354 /* create_dmg.command */,
				CC71CA3B19EDDE9F00C20354 /* LICENSE.txt */,
				CC71CA3F19EDDF1E00C20354 /* README.md */,
				CC71CA3D19EDDED900C20354 /* README.txt */,
			);
			sourceTree = "<group>";
		};
		CCEE216319EC5E7900CAF303 /* Products */ = {
			isa = PBXGroup;
			children = (
				CCEE216219EC5E7900CAF303 /* Network Monitor.app */,
				CCEE217519EC5E7900CAF303 /* Network MonitorTests.xctest */,
			);
			name = Products;
			sourceTree = "<group>";
		};
		CCEE216419EC5E7900CAF303 /* Network Monitor */ = {
			isa = PBXGroup;
			children = (
				CCEE218519EC5E9A00CAF303 /* Model */,
				CCEE218619EC5E9F00CAF303 /* Controller */,
				CCEE218719EC5EA500CAF303 /* User Interface */,
				CCEE216519EC5E7900CAF303 /* Supporting Files */,
			);
			path = "Network Monitor";
			sourceTree = "<group>";
		};
		CCEE216519EC5E7900CAF303 /* Supporting Files */ = {
			isa = PBXGroup;
			children = (
				CC65A87E19F2C1B50010E8A4 /* Network Monitor.entitlements */,
				CC19379719F1D2E2005C0EE0 /* Info.plist */,
				CC71CA6519F1CBAC00C20354 /* Localizable.strings */,
				CCEE216719EC5E7900CAF303 /* main.m */,
				CC19379919F1D3A6005C0EE0 /* InfoPlist.strings */,
			);
			name = "Supporting Files";
			sourceTree = "<group>";
		};
		CCEE217819EC5E7900CAF303 /* Network MonitorTests */ = {
			isa = PBXGroup;
			children = (
				CCEE217B19EC5E7900CAF303 /* Network_MonitorTests.m */,
				CCEE217919EC5E7900CAF303 /* Supporting Files */,
			);
			path = "Network MonitorTests";
			sourceTree = "<group>";
		};
		CCEE217919EC5E7900CAF303 /* Supporting Files */ = {
			isa = PBXGroup;
			children = (
				CCEE217A19EC5E7900CAF303 /* Info.plist */,
			);
			name = "Supporting Files";
			sourceTree = "<group>";
		};
		CCEE218519EC5E9A00CAF303 /* Model */ = {
			isa = PBXGroup;
			children = (
				CCEE218819EC64D800CAF303 /* Monitor.h */,
				CCEE219019EC656700CAF303 /* Monitor.m */,
				CC71CA2E19ECAE7A00C20354 /* AlertCenter.h */,
				CC71CA2F19ECAEB100C20354 /* Notifier.h */,
				CC71CA3219EDA47E00C20354 /* Notifier.m */,
				CC71CA2D19ECADA300C20354 /* Speaker.h */,
				CC71CA3019ECAECF00C20354 /* Speaker.m */,
				CC71CA3419EDAD3700C20354 /* Pinger.h */,
				CC71CA3519EDADBC00C20354 /* Pinger.m */,
				CC71CA3719EDB45C00C20354 /* Logger.h */,
				CC71CA3819EDB48100C20354 /* Logger.m */,
			);
			name = Model;
			sourceTree = "<group>";
		};
		CCEE218619EC5E9F00CAF303 /* Controller */ = {
			isa = PBXGroup;
			children = (
				CCEE216919EC5E7900CAF303 /* AppDelegate.h */,
				CCEE216A19EC5E7900CAF303 /* AppDelegate.m */,
			);
			name = Controller;
			sourceTree = "<group>";
		};
		CCEE218719EC5EA500CAF303 /* User Interface */ = {
			isa = PBXGroup;
			children = (
				CCEE216C19EC5E7900CAF303 /* Images.xcassets */,
				CCEE216E19EC5E7900CAF303 /* MainMenu.xib */,
			);
			name = "User Interface";
			sourceTree = "<group>";
		};
		CCEE218D19EC651E00CAF303 /* Libraries */ = {
			isa = PBXGroup;
			children = (
				CCEE218B19EC651800CAF303 /* Foundation.framework */,
				CCEE218919EC651000CAF303 /* Cocoa.framework */,
			);
			name = Libraries;
			sourceTree = "<group>";
		};
/* End PBXGroup section */

/* Begin PBXNativeTarget section */
		CCEE216119EC5E7900CAF303 /* Network Monitor */ = {
			isa = PBXNativeTarget;
			buildConfigurationList = CCEE217F19EC5E7900CAF303 /* Build configuration list for PBXNativeTarget "Network Monitor" */;
			buildPhases = (
				CCEE215E19EC5E7900CAF303 /* Sources */,
				CCEE215F19EC5E7900CAF303 /* Frameworks */,
				CCEE216019EC5E7900CAF303 /* Resources */,
			);
			buildRules = (
			);
			dependencies = (
			);
			name = "Network Monitor";
			productName = "Network Monitor";
			productReference = CCEE216219EC5E7900CAF303 /* Network Monitor.app */;
			productType = "com.apple.product-type.application";
		};
		CCEE217419EC5E7900CAF303 /* Network MonitorTests */ = {
			isa = PBXNativeTarget;
			buildConfigurationList = CCEE218219EC5E7900CAF303 /* Build configuration list for PBXNativeTarget "Network MonitorTests" */;
			buildPhases = (
				CCEE217119EC5E7900CAF303 /* Sources */,
				CCEE217219EC5E7900CAF303 /* Frameworks */,
				CCEE217319EC5E7900CAF303 /* Resources */,
			);
			buildRules = (
			);
			dependencies = (
				CCEE217719EC5E7900CAF303 /* PBXTargetDependency */,
			);
			name = "Network MonitorTests";
			productName = "Network MonitorTests";
			productReference = CCEE217519EC5E7900CAF303 /* Network MonitorTests.xctest */;
			productType = "com.apple.product-type.bundle.unit-test";
		};
/* End PBXNativeTarget section */

/* Begin PBXProject section */
		CCEE215A19EC5E7900CAF303 /* Project object */ = {
			isa = PBXProject;
			attributes = {
				LastUpgradeCheck = 0600;
				ORGANIZATIONNAME = "Hugo Corbucci";
				TargetAttributes = {
					CCEE216119EC5E7900CAF303 = {
						CreatedOnToolsVersion = 6.0.1;
						DevelopmentTeam = GU2ULE5GZX;
						SystemCapabilities = {
							com.apple.Sandbox = {
								enabled = 1;
							};
						};
					};
					CCEE217419EC5E7900CAF303 = {
						CreatedOnToolsVersion = 6.0.1;
						TestTargetID = CCEE216119EC5E7900CAF303;
					};
				};
			};
			buildConfigurationList = CCEE215D19EC5E7900CAF303 /* Build configuration list for PBXProject "Network Monitor" */;
			compatibilityVersion = "Xcode 3.2";
			developmentRegion = English;
			hasScannedForEncodings = 0;
			knownRegions = (
				en,
				Base,
				fr,
				pt,
			);
			mainGroup = CCEE215919EC5E7900CAF303;
			productRefGroup = CCEE216319EC5E7900CAF303 /* Products */;
			projectDirPath = "";
			projectRoot = "";
			targets = (
				CCEE216119EC5E7900CAF303 /* Network Monitor */,
				CCEE217419EC5E7900CAF303 /* Network MonitorTests */,
			);
		};
/* End PBXProject section */

/* Begin PBXResourcesBuildPhase section */
		CCEE216019EC5E7900CAF303 /* Resources */ = {
			isa = PBXResourcesBuildPhase;
			buildActionMask = 2147483647;
			files = (
				CC99CA6D19F2EAB800033934 /* MainMenu.xib in Resources */,
				CC71CA6719F1CBAC00C20354 /* Localizable.strings in Resources */,
				CC19379B19F1D3A6005C0EE0 /* InfoPlist.strings in Resources */,
				CCEE216D19EC5E7900CAF303 /* Images.xcassets in Resources */,
			);
			runOnlyForDeploymentPostprocessing = 0;
		};
		CCEE217319EC5E7900CAF303 /* Resources */ = {
			isa = PBXResourcesBuildPhase;
			buildActionMask = 2147483647;
			files = (
			);
			runOnlyForDeploymentPostprocessing = 0;
		};
/* End PBXResourcesBuildPhase section */

/* Begin PBXSourcesBuildPhase section */
		CCEE215E19EC5E7900CAF303 /* Sources */ = {
			isa = PBXSourcesBuildPhase;
			buildActionMask = 2147483647;
			files = (
				CC71CA3319EDA47E00C20354 /* Notifier.m in Sources */,
				CCEE219119EC656700CAF303 /* Monitor.m in Sources */,
				CCEE216B19EC5E7900CAF303 /* AppDelegate.m in Sources */,
				CCEE216819EC5E7900CAF303 /* main.m in Sources */,
				CC71CA3619EDADBC00C20354 /* Pinger.m in Sources */,
				CC71CA3919EDB48100C20354 /* Logger.m in Sources */,
				CC71CA3119ECAECF00C20354 /* Speaker.m in Sources */,
			);
			runOnlyForDeploymentPostprocessing = 0;
		};
		CCEE217119EC5E7900CAF303 /* Sources */ = {
			isa = PBXSourcesBuildPhase;
			buildActionMask = 2147483647;
			files = (
				CCEE217C19EC5E7900CAF303 /* Network_MonitorTests.m in Sources */,
			);
			runOnlyForDeploymentPostprocessing = 0;
		};
/* End PBXSourcesBuildPhase section */

/* Begin PBXTargetDependency section */
		CCEE217719EC5E7900CAF303 /* PBXTargetDependency */ = {
			isa = PBXTargetDependency;
			target = CCEE216119EC5E7900CAF303 /* Network Monitor */;
			targetProxy = CCEE217619EC5E7900CAF303 /* PBXContainerItemProxy */;
		};
/* End PBXTargetDependency section */

/* Begin PBXVariantGroup section */
		CC19379919F1D3A6005C0EE0 /* InfoPlist.strings */ = {
			isa = PBXVariantGroup;
			children = (
				CC19379A19F1D3A6005C0EE0 /* Base */,
				CC19379C19F1D3CC005C0EE0 /* fr */,
				CC19379D19F1D3CE005C0EE0 /* en */,
				CC19379E19F1D3CF005C0EE0 /* pt */,
			);
			name = InfoPlist.strings;
			sourceTree = "<group>";
		};
		CC71CA6519F1CBAC00C20354 /* Localizable.strings */ = {
			isa = PBXVariantGroup;
			children = (
				CC71CA6619F1CBAC00C20354 /* Base */,
				CC71CA6E19F1CC1200C20354 /* en */,
				CC71CA7019F1CC1A00C20354 /* pt */,
				CC5663DC19F1CE350019B22D /* fr */,
			);
			name = Localizable.strings;
			path = ..;
			sourceTree = "<group>";
		};
		CCEE216E19EC5E7900CAF303 /* MainMenu.xib */ = {
			isa = PBXVariantGroup;
			children = (
				CCEE216F19EC5E7900CAF303 /* Base */,
				CC71CA4F19F1CA2A00C20354 /* pt */,
				CC71CA6D19F1CBE000C20354 /* fr */,
				CC99CA6E19F2EB2800033934 /* en */,
			);
			name = MainMenu.xib;
			sourceTree = "<group>";
		};
/* End PBXVariantGroup section */

/* Begin XCBuildConfiguration section */
		CCEE217D19EC5E7900CAF303 /* Debug */ = {
			isa = XCBuildConfiguration;
			buildSettings = {
				ALWAYS_SEARCH_USER_PATHS = NO;
				CLANG_CXX_LANGUAGE_STANDARD = "gnu++0x";
				CLANG_CXX_LIBRARY = "libc++";
				CLANG_ENABLE_MODULES = YES;
				CLANG_ENABLE_OBJC_ARC = YES;
				CLANG_WARN_BOOL_CONVERSION = YES;
				CLANG_WARN_CONSTANT_CONVERSION = YES;
				CLANG_WARN_DIRECT_OBJC_ISA_USAGE = YES_ERROR;
				CLANG_WARN_EMPTY_BODY = YES;
				CLANG_WARN_ENUM_CONVERSION = YES;
				CLANG_WARN_INT_CONVERSION = YES;
				CLANG_WARN_OBJC_ROOT_CLASS = YES_ERROR;
				CLANG_WARN_UNREACHABLE_CODE = YES;
				CLANG_WARN__DUPLICATE_METHOD_MATCH = YES;
				CODE_SIGN_IDENTITY = "-";
				COPY_PHASE_STRIP = NO;
				ENABLE_STRICT_OBJC_MSGSEND = YES;
				GCC_C_LANGUAGE_STANDARD = gnu99;
				GCC_DYNAMIC_NO_PIC = NO;
				GCC_OPTIMIZATION_LEVEL = 0;
				GCC_PREPROCESSOR_DEFINITIONS = (
					"DEBUG=1",
					"$(inherited)",
				);
				GCC_SYMBOLS_PRIVATE_EXTERN = NO;
				GCC_WARN_64_TO_32_BIT_CONVERSION = YES;
				GCC_WARN_ABOUT_RETURN_TYPE = YES_ERROR;
				GCC_WARN_UNDECLARED_SELECTOR = YES;
				GCC_WARN_UNINITIALIZED_AUTOS = YES_AGGRESSIVE;
				GCC_WARN_UNUSED_FUNCTION = YES;
				GCC_WARN_UNUSED_VARIABLE = YES;
				MACOSX_DEPLOYMENT_TARGET = 10.9;
				MTL_ENABLE_DEBUG_INFO = YES;
				ONLY_ACTIVE_ARCH = YES;
				SDKROOT = macosx;
			};
			name = Debug;
		};
		CCEE217E19EC5E7900CAF303 /* Release */ = {
			isa = XCBuildConfiguration;
			buildSettings = {
				ALWAYS_SEARCH_USER_PATHS = NO;
				CLANG_CXX_LANGUAGE_STANDARD = "gnu++0x";
				CLANG_CXX_LIBRARY = "libc++";
				CLANG_ENABLE_MODULES = YES;
				CLANG_ENABLE_OBJC_ARC = YES;
				CLANG_WARN_BOOL_CONVERSION = YES;
				CLANG_WARN_CONSTANT_CONVERSION = YES;
				CLANG_WARN_DIRECT_OBJC_ISA_USAGE = YES_ERROR;
				CLANG_WARN_EMPTY_BODY = YES;
				CLANG_WARN_ENUM_CONVERSION = YES;
				CLANG_WARN_INT_CONVERSION = YES;
				CLANG_WARN_OBJC_ROOT_CLASS = YES_ERROR;
				CLANG_WARN_UNREACHABLE_CODE = YES;
				CLANG_WARN__DUPLICATE_METHOD_MATCH = YES;
				CODE_SIGN_IDENTITY = "-";
				COPY_PHASE_STRIP = YES;
				DEBUG_INFORMATION_FORMAT = "dwarf-with-dsym";
				ENABLE_NS_ASSERTIONS = NO;
				ENABLE_STRICT_OBJC_MSGSEND = YES;
				GCC_C_LANGUAGE_STANDARD = gnu99;
				GCC_WARN_64_TO_32_BIT_CONVERSION = YES;
				GCC_WARN_ABOUT_RETURN_TYPE = YES_ERROR;
				GCC_WARN_UNDECLARED_SELECTOR = YES;
				GCC_WARN_UNINITIALIZED_AUTOS = YES_AGGRESSIVE;
				GCC_WARN_UNUSED_FUNCTION = YES;
				GCC_WARN_UNUSED_VARIABLE = YES;
				MACOSX_DEPLOYMENT_TARGET = 10.9;
				MTL_ENABLE_DEBUG_INFO = NO;
				SDKROOT = macosx;
			};
			name = Release;
		};
		CCEE218019EC5E7900CAF303 /* Debug */ = {
			isa = XCBuildConfiguration;
			buildSettings = {
				ASSETCATALOG_COMPILER_APPICON_NAME = AppIcon;
				CODE_SIGN_ENTITLEMENTS = "Network Monitor/Network Monitor.entitlements";
				CODE_SIGN_IDENTITY = "Developer ID Application";
				"CODE_SIGN_IDENTITY[sdk=macosx*]" = "Mac Developer";
				COMBINE_HIDPI_IMAGES = YES;
				CURRENT_PROJECT_VERSION = 1.0.0;
				INFOPLIST_FILE = "Network Monitor/Info.plist";
				LD_RUNPATH_SEARCH_PATHS = "$(inherited) @executable_path/../Frameworks";
				"OTHER_CODE_SIGN_FLAGS[sdk=*]" = "--deep";
				PRODUCT_NAME = "$(TARGET_NAME)";
				STRINGS_FILE_OUTPUT_ENCODING = "UTF-8";
				VERSIONING_SYSTEM = "apple-generic";
			};
			name = Debug;
		};
		CCEE218119EC5E7900CAF303 /* Release */ = {
			isa = XCBuildConfiguration;
			buildSettings = {
				ASSETCATALOG_COMPILER_APPICON_NAME = AppIcon;
				CODE_SIGN_ENTITLEMENTS = "Network Monitor/Network Monitor.entitlements";
				CODE_SIGN_IDENTITY = "Developer ID Application";
				"CODE_SIGN_IDENTITY[sdk=macosx*]" = "Mac Developer";
				COMBINE_HIDPI_IMAGES = YES;
				CURRENT_PROJECT_VERSION = 1.0.0;
				INFOPLIST_FILE = "Network Monitor/Info.plist";
				LD_RUNPATH_SEARCH_PATHS = "$(inherited) @executable_path/../Frameworks";
				"OTHER_CODE_SIGN_FLAGS[sdk=*]" = "--deep";
				PRODUCT_NAME = "$(TARGET_NAME)";
				STRINGS_FILE_OUTPUT_ENCODING = "UTF-8";
				VERSIONING_SYSTEM = "apple-generic";
			};
			name = Release;
		};
		CCEE218319EC5E7900CAF303 /* Debug */ = {
			isa = XCBuildConfiguration;
			buildSettings = {
				BUNDLE_LOADER = "$(TEST_HOST)";
				COMBINE_HIDPI_IMAGES = YES;
				FRAMEWORK_SEARCH_PATHS = (
					"$(DEVELOPER_FRAMEWORKS_DIR)",
					"$(inherited)",
				);
				GCC_PREPROCESSOR_DEFINITIONS = (
					"DEBUG=1",
					"$(inherited)",
				);
				INFOPLIST_FILE = "Network MonitorTests/Info.plist";
				LD_RUNPATH_SEARCH_PATHS = "$(inherited) @executable_path/../Frameworks @loader_path/../Frameworks";
				PRODUCT_NAME = "$(TARGET_NAME)";
				TEST_HOST = "$(BUILT_PRODUCTS_DIR)/Network Monitor.app/Contents/MacOS/Network Monitor";
			};
			name = Debug;
		};
		CCEE218419EC5E7900CAF303 /* Release */ = {
			isa = XCBuildConfiguration;
			buildSettings = {
				BUNDLE_LOADER = "$(TEST_HOST)";
				COMBINE_HIDPI_IMAGES = YES;
				FRAMEWORK_SEARCH_PATHS = (
					"$(DEVELOPER_FRAMEWORKS_DIR)",
					"$(inherited)",
				);
				INFOPLIST_FILE = "Network MonitorTests/Info.plist";
				LD_RUNPATH_SEARCH_PATHS = "$(inherited) @executable_path/../Frameworks @loader_path/../Frameworks";
				PRODUCT_NAME = "$(TARGET_NAME)";
				TEST_HOST = "$(BUILT_PRODUCTS_DIR)/Network Monitor.app/Contents/MacOS/Network Monitor";
			};
			name = Release;
		};
/* End XCBuildConfiguration section */

/* Begin XCConfigurationList section */
		CCEE215D19EC5E7900CAF303 /* Build configuration list for PBXProject "Network Monitor" */ = {
			isa = XCConfigurationList;
			buildConfigurations = (
				CCEE217D19EC5E7900CAF303 /* Debug */,
				CCEE217E19EC5E7900CAF303 /* Release */,
			);
			defaultConfigurationIsVisible = 0;
			defaultConfigurationName = Release;
		};
		CCEE217F19EC5E7900CAF303 /* Build configuration list for PBXNativeTarget "Network Monitor" */ = {
			isa = XCConfigurationList;
			buildConfigurations = (
				CCEE218019EC5E7900CAF303 /* Debug */,
				CCEE218119EC5E7900CAF303 /* Release */,
			);
			defaultConfigurationIsVisible = 0;
			defaultConfigurationName = Release;
		};
		CCEE218219EC5E7900CAF303 /* Build configuration list for PBXNativeTarget "Network MonitorTests" */ = {
			isa = XCConfigurationList;
			buildConfigurations = (
				CCEE218319EC5E7900CAF303 /* Debug */,
				CCEE218419EC5E7900CAF303 /* Release */,
			);
			defaultConfigurationIsVisible = 0;
			defaultConfigurationName = Release;
		};
/* End XCConfigurationList section */
	};
	rootObject = CCEE215A19EC5E7900CAF303 /* Project object */;
}
